<?xml version="1.0" encoding="utf-8"?>
<Project ToolsVersion="4.0" xmlns="http://schemas.microsoft.com/developer/msbuild/2003">
  <ItemGroup>
    <Filter Include="소스 파일">
      <UniqueIdentifier>{4FC737F1-C7A5-4376-A066-2A32D752A2FF}</UniqueIdentifier>
      <Extensions>cpp;c;cc;cxx;def;odl;idl;hpj;bat;asm;asmx</Extensions>
    </Filter>
    <Filter Include="헤더 파일">
      <UniqueIdentifier>{93995380-89BD-4b04-88EB-625FBE52EBFB}</UniqueIdentifier>
      <Extensions>h;hh;hpp;hxx;hm;inl;inc;ipp;xsd</Extensions>
    </Filter>
    <Filter Include="리소스 파일">
      <UniqueIdentifier>{67DA6AB6-F800-4c08-8B7A-83BB121AAD01}</UniqueIdentifier>
      <Extensions>rc;ico;cur;bmp;dlg;rc2;rct;bin;rgs;gif;jpg;jpeg;jpe;resx;tiff;tif;png;wav;mfcribbon-ms</Extensions>
    </Filter>
    <Filter Include="소스 파일\Manager">
      <UniqueIdentifier>{58fda650-7866-4f42-9997-495fbdb778e7}</UniqueIdentifier>
    </Filter>
    <Filter Include="소스 파일\GameObject">
      <UniqueIdentifier>{9df61896-5308-4e6b-b3ec-15ecc749030b}</UniqueIdentifier>
    </Filter>
    <Filter Include="소스 파일\GameObject\Base">
      <UniqueIdentifier>{8d57d3b1-62c6-4c81-99ad-40c437dcfeeb}</UniqueIdentifier>
    </Filter>
    <Filter Include="소스 파일\GameObject\Button">
      <UniqueIdentifier>{041e4365-cdb0-4a0d-a760-d0c9e9830bc9}</UniqueIdentifier>
    </Filter>
    <Filter Include="소스 파일\GameObject\Button\Base">
      <UniqueIdentifier>{f08c5a99-5aac-4397-a1c0-35852288392c}</UniqueIdentifier>
    </Filter>
    <Filter Include="소스 파일\GameObject\Monster">
      <UniqueIdentifier>{d9afb90c-a182-4ec1-b0bb-597ad3b5ea39}</UniqueIdentifier>
    </Filter>
    <Filter Include="소스 파일\GameObject\Block">
      <UniqueIdentifier>{43e6d9b9-a511-474a-990f-4fbeaff82dbd}</UniqueIdentifier>
    </Filter>
    <Filter Include="소스 파일\GameObject\Gun">
      <UniqueIdentifier>{298a2c1e-9754-44b9-8206-0c30c3fb9cc0}</UniqueIdentifier>
    </Filter>
    <Filter Include="소스 파일\GameObject\Monster\Base">
      <UniqueIdentifier>{fb3d7679-91ff-4755-90c2-7305fdb38ed1}</UniqueIdentifier>
    </Filter>
    <Filter Include="소스 파일\Trash">
      <UniqueIdentifier>{df9c39a6-a534-4ed6-89a2-90b25eb4ff92}</UniqueIdentifier>
    </Filter>
  </ItemGroup>
  <ItemGroup>
    <ClInclude Include="stdafx.h">
      <Filter>헤더 파일</Filter>
    </ClInclude>
    <ClInclude Include="targetver.h">
      <Filter>헤더 파일</Filter>
    </ClInclude>
    <ClInclude Include="Resource.h">
      <Filter>헤더 파일</Filter>
    </ClInclude>
    <ClInclude Include="20181006_기능대회다시.h">
      <Filter>헤더 파일</Filter>
    </ClInclude>
    <ClInclude Include="GrapicManager.h">
      <Filter>헤더 파일</Filter>
    </ClInclude>
    <ClInclude Include="ObjectManager.h">
      <Filter>헤더 파일</Filter>
    </ClInclude>
    <ClInclude Include="TextureManager.h">
      <Filter>헤더 파일</Filter>
    </ClInclude>
    <ClInclude Include="GameObejct.h">
      <Filter>헤더 파일</Filter>
    </ClInclude>
    <ClInclude Include="Singleton.h">
      <Filter>헤더 파일</Filter>
    </ClInclude>
    <ClInclude Include="Camera.h">
      <Filter>헤더 파일</Filter>
    </ClInclude>
    <ClInclude Include="Player.h">
      <Filter>헤더 파일</Filter>
    </ClInclude>
    <ClInclude Include="TextureEx.h">
      <Filter>헤더 파일</Filter>
    </ClInclude>
    <ClInclude Include="Aim.h">
      <Filter>헤더 파일</Filter>
    </ClInclude>
    <ClInclude Include="Gun.h">
      <Filter>헤더 파일</Filter>
    </ClInclude>
    <ClInclude Include="Block.h">
      <Filter>헤더 파일</Filter>
    </ClInclude>
    <ClInclude Include="Shot.h">
      <Filter>헤더 파일</Filter>
    </ClInclude>
    <ClInclude Include="MainScene.h">
      <Filter>헤더 파일</Filter>
    </ClInclude>
    <ClInclude Include="Button.h">
      <Filter>헤더 파일</Filter>
    </ClInclude>
    <ClInclude Include="StartButton.h">
      <Filter>헤더 파일</Filter>
    </ClInclude>
    <ClInclude Include="MenuButton.h">
      <Filter>헤더 파일</Filter>
    </ClInclude>
    <ClInclude Include="ExitButton.h">
      <Filter>헤더 파일</Filter>
    </ClInclude>
    <ClInclude Include="Titile.h">
      <Filter>헤더 파일</Filter>
    </ClInclude>
    <ClInclude Include="Background.h">
      <Filter>헤더 파일</Filter>
    </ClInclude>
    <ClInclude Include="Contaner.h">
      <Filter>헤더 파일</Filter>
    </ClInclude>
    <ClInclude Include="UI.h">
      <Filter>헤더 파일</Filter>
    </ClInclude>
    <ClInclude Include="Monster.h">
      <Filter>헤더 파일</Filter>
    </ClInclude>
    <ClInclude Include="White.h">
      <Filter>헤더 파일</Filter>
    </ClInclude>
    <ClInclude Include="Monster1.h">
      <Filter>헤더 파일</Filter>
    </ClInclude>
    <ClInclude Include="Pg.h">
      <Filter>헤더 파일</Filter>
    </ClInclude>
    <ClInclude Include="Laser.h">
      <Filter>헤더 파일</Filter>
    </ClInclude>
    <ClInclude Include="Medic.h">
      <Filter>헤더 파일</Filter>
    </ClInclude>
    <ClInclude Include="EnemyShot.h">
      <Filter>헤더 파일</Filter>
    </ClInclude>
    <ClInclude Include="Ouch.h">
      <Filter>헤더 파일</Filter>
    </ClInclude>
    <ClInclude Include="LaserGun.h">
      <Filter>헤더 파일</Filter>
    </ClInclude>
    <ClInclude Include="Dron.h">
      <Filter>헤더 파일</Filter>
    </ClInclude>
    <ClInclude Include="JumpPt.h">
      <Filter>헤더 파일</Filter>
    </ClInclude>
    <ClInclude Include="MedicPt.h">
      <Filter>헤더 파일</Filter>
    </ClInclude>
    <ClInclude Include="Mission1.h">
      <Filter>헤더 파일</Filter>
    </ClInclude>
    <ClInclude Include="Run.h">
      <Filter>헤더 파일</Filter>
    </ClInclude>
    <ClInclude Include="Drum.h">
      <Filter>헤더 파일</Filter>
    </ClInclude>
    <ClInclude Include="Sniper.h">
      <Filter>헤더 파일</Filter>
    </ClInclude>
    <ClInclude Include="SniperShot.h">
      <Filter>헤더 파일</Filter>
    </ClInclude>
    <ClInclude Include="Intro.h">
      <Filter>헤더 파일</Filter>
    </ClInclude>
    <ClInclude Include="Monster2.h">
      <Filter>헤더 파일</Filter>
    </ClInclude>
    <ClInclude Include="HpUI.h">
      <Filter>헤더 파일</Filter>
    </ClInclude>
    <ClInclude Include="Time.h">
      <Filter>헤더 파일</Filter>
    </ClInclude>
    <ClInclude Include="Stop.h">
      <Filter>헤더 파일</Filter>
    </ClInclude>
    <ClInclude Include="Clear.h">
      <Filter>헤더 파일</Filter>
    </ClInclude>
    <ClInclude Include="Fail.h">
      <Filter>헤더 파일</Filter>
    </ClInclude>
    <ClInclude Include="How.h">
      <Filter>헤더 파일</Filter>
    </ClInclude>
    <ClInclude Include="GameManager.h">
      <Filter>헤더 파일</Filter>
    </ClInclude>
    <ClInclude Include="Background2.h">
      <Filter>헤더 파일</Filter>
    </ClInclude>
    <ClInclude Include="Box.h">
      <Filter>헤더 파일</Filter>
    </ClInclude>
    <ClInclude Include="Boss_1.h">
      <Filter>헤더 파일</Filter>
    </ClInclude>
    <ClInclude Include="Text.h">
      <Filter>헤더 파일</Filter>
    </ClInclude>
    <ClInclude Include="GunShop.h">
      <Filter>헤더 파일</Filter>
    </ClInclude>
    <ClInclude Include="Boss_2.h">
      <Filter>헤더 파일</Filter>
    </ClInclude>
    <ClInclude Include="StopItem.h">
      <Filter>헤더 파일</Filter>
    </ClInclude>
  </ItemGroup>
  <ItemGroup>
    <ClCompile Include="stdafx.cpp">
      <Filter>소스 파일</Filter>
    </ClCompile>
    <ClCompile Include="20181006_기능대회다시.cpp">
      <Filter>소스 파일</Filter>
    </ClCompile>
    <ClCompile Include="GameObejct.cpp">
      <Filter>소스 파일\GameObject\Base</Filter>
    </ClCompile>
    <ClCompile Include="GrapicManager.cpp">
      <Filter>소스 파일\Manager</Filter>
    </ClCompile>
    <ClCompile Include="ObjectManager.cpp">
      <Filter>소스 파일\Manager</Filter>
    </ClCompile>
    <ClCompile Include="TextureManager.cpp">
      <Filter>소스 파일\Manager</Filter>
    </ClCompile>
    <ClCompile Include="Camera.cpp">
      <Filter>소스 파일\Manager</Filter>
    </ClCompile>
    <ClCompile Include="TextureEx.cpp">
      <Filter>소스 파일</Filter>
    </ClCompile>
    <ClCompile Include="Aim.cpp">
      <Filter>소스 파일\GameObject</Filter>
    </ClCompile>
    <ClCompile Include="Player.cpp">
      <Filter>소스 파일\GameObject</Filter>
    </ClCompile>
    <ClCompile Include="MainScene.cpp">
      <Filter>소스 파일\GameObject</Filter>
    </ClCompile>
    <ClCompile Include="StartButton.cpp">
      <Filter>소스 파일\GameObject\Button</Filter>
    </ClCompile>
    <ClCompile Include="ExitButton.cpp">
      <Filter>소스 파일\GameObject\Button</Filter>
    </ClCompile>
    <ClCompile Include="MenuButton.cpp">
      <Filter>소스 파일\GameObject\Button</Filter>
    </ClCompile>
    <ClCompile Include="Button.cpp">
      <Filter>소스 파일\GameObject\Button\Base</Filter>
    </ClCompile>
    <ClCompile Include="Titile.cpp">
      <Filter>소스 파일\GameObject</Filter>
    </ClCompile>
    <ClCompile Include="UI.cpp">
      <Filter>소스 파일\GameObject</Filter>
    </ClCompile>
    <ClCompile Include="Background.cpp">
      <Filter>소스 파일\GameObject</Filter>
    </ClCompile>
    <ClCompile Include="White.cpp">
      <Filter>소스 파일\GameObject</Filter>
    </ClCompile>
    <ClCompile Include="Pg.cpp">
      <Filter>소스 파일\GameObject</Filter>
    </ClCompile>
    <ClCompile Include="Dron.cpp">
      <Filter>소스 파일\GameObject\Monster</Filter>
    </ClCompile>
    <ClCompile Include="Monster1.cpp">
      <Filter>소스 파일\GameObject\Monster</Filter>
    </ClCompile>
    <ClCompile Include="EnemyShot.cpp">
      <Filter>소스 파일\GameObject\Monster</Filter>
    </ClCompile>
    <ClCompile Include="Block.cpp">
      <Filter>소스 파일\GameObject\Block</Filter>
    </ClCompile>
    <ClCompile Include="Contaner.cpp">
      <Filter>소스 파일\GameObject\Block</Filter>
    </ClCompile>
    <ClCompile Include="Gun.cpp">
      <Filter>소스 파일\GameObject\Gun</Filter>
    </ClCompile>
    <ClCompile Include="LaserGun.cpp">
      <Filter>소스 파일\GameObject\Gun</Filter>
    </ClCompile>
    <ClCompile Include="Monster.cpp">
      <Filter>소스 파일\GameObject\Monster\Base</Filter>
    </ClCompile>
    <ClCompile Include="Medic.cpp">
      <Filter>소스 파일\GameObject</Filter>
    </ClCompile>
    <ClCompile Include="MedicPt.cpp">
      <Filter>소스 파일\GameObject</Filter>
    </ClCompile>
    <ClCompile Include="Ouch.cpp">
      <Filter>소스 파일\GameObject</Filter>
    </ClCompile>
    <ClCompile Include="Mission1.cpp">
      <Filter>소스 파일</Filter>
    </ClCompile>
    <ClCompile Include="Run.cpp">
      <Filter>소스 파일</Filter>
    </ClCompile>
    <ClCompile Include="Drum.cpp">
      <Filter>소스 파일</Filter>
    </ClCompile>
    <ClCompile Include="JumpPt.cpp">
      <Filter>소스 파일\GameObject</Filter>
    </ClCompile>
    <ClCompile Include="Time.cpp">
      <Filter>소스 파일</Filter>
    </ClCompile>
    <ClCompile Include="Shot.cpp">
      <Filter>소스 파일\GameObject\Gun</Filter>
    </ClCompile>
    <ClCompile Include="SniperShot.cpp">
      <Filter>소스 파일\GameObject\Gun</Filter>
    </ClCompile>
    <ClCompile Include="Sniper.cpp">
      <Filter>소스 파일\GameObject\Gun</Filter>
    </ClCompile>
    <ClCompile Include="Stop.cpp">
      <Filter>소스 파일\GameObject</Filter>
    </ClCompile>
    <ClCompile Include="Fail.cpp">
      <Filter>소스 파일</Filter>
    </ClCompile>
    <ClCompile Include="Laser.cpp">
      <Filter>소스 파일\Trash</Filter>
    </ClCompile>
    <ClCompile Include="Intro.cpp">
      <Filter>소스 파일\GameObject</Filter>
    </ClCompile>
    <ClCompile Include="HpUI.cpp">
      <Filter>소스 파일\GameObject</Filter>
    </ClCompile>
    <ClCompile Include="Clear.cpp">
      <Filter>소스 파일\GameObject</Filter>
    </ClCompile>
    <ClCompile Include="How.cpp">
      <Filter>소스 파일\GameObject</Filter>
    </ClCompile>
    <ClCompile Include="Monster2.cpp">
      <Filter>소스 파일\GameObject\Monster</Filter>
    </ClCompile>
    <ClCompile Include="GameManager.cpp">
      <Filter>소스 파일</Filter>
    </ClCompile>
    <ClCompile Include="Background2.cpp">
      <Filter>소스 파일\GameObject</Filter>
    </ClCompile>
    <ClCompile Include="Box.cpp">
      <Filter>소스 파일</Filter>
    </ClCompile>
    <ClCompile Include="Text.cpp">
      <Filter>소스 파일</Filter>
    </ClCompile>
    <ClCompile Include="Boss_1.cpp">
      <Filter>소스 파일\GameObject\Monster</Filter>
    </ClCompile>
    <ClCompile Include="GunShop.cpp">
      <Filter>소스 파일</Filter>
    </ClCompile>
    <ClCompile Include="Boss_2.cpp">
      <Filter>소스 파일\GameObject\Monster</Filter>
    </ClCompile>
    <ClCompile Include="StopItem.cpp">
      <Filter>소스 파일</Filter>
    </ClCompile>
  </ItemGroup>
  <ItemGroup>
    <ResourceCompile Include="20181006_기능대회다시.rc">
      <Filter>리소스 파일</Filter>
    </ResourceCompile>
  </ItemGroup>
  <ItemGroup>
    <Image Include="small.ico">
      <Filter>리소스 파일</Filter>
    </Image>
    <Image Include="20181006_기능대회다시.ico">
      <Filter>리소스 파일</Filter>
    </Image>
  </ItemGroup>
</Project>